
Microsoft Visual Studio Solution File, Format Version 12.00
# Visual Studio Version 17
VisualStudioVersion = 17.7.34031.279
MinimumVisualStudioVersion = 10.0.40219.1
Project("{FAE04EC0-301F-11D3-BF4B-00C04F79EFBC}") = "DFS", "DFS.csproj", "{59805FDD-1FE1-4FDB-940B-1FA929EB32C6}"
EndProject
Global
	GlobalSection(SolutionConfigurationPlatforms) = preSolution
		Debug|Any CPU = Debug|Any CPU
		Release|Any CPU = Release|Any CPU
	EndGlobalSection
	GlobalSection(ProjectConfigurationPlatforms) = postSolution
		{59805FDD-1FE1-4FDB-940B-1FA929EB32C6}.Debug|Any CPU.ActiveCfg = Debug|Any CPU
		{59805FDD-1FE1-4FDB-940B-1FA929EB32C6}.Debug|Any CPU.Build.0 = Debug|Any CPU
		{59805FDD-1FE1-4FDB-940B-1FA929EB32C6}.Release|Any CPU.ActiveCfg = Release|Any CPU
		{59805FDD-1FE1-4FDB-940B-1FA929EB32C6}.Release|Any CPU.Build.0 = Release|Any CPU
	EndGlobalSection
	GlobalSection(SolutionProperties) = preSolution
		HideSolutionNode = FALSE
	EndGlobalSection
	GlobalSection(ExtensibilityGlobals) = postSolution
		SolutionGuid = {AB5C16B1-C4BD-4E9E-8373-D32BA117F77E}
	EndGlobalSection
EndGlobal
